
Microsoft Visual Studio Solution File, Format Version 12.00
# Visual Studio Version 17
VisualStudioVersion = 17.0.32014.148
MinimumVisualStudioVersion = 10.0.40219.1
Project("{FAE04EC0-301F-11D3-BF4B-00C04F79EFBC}") = "Entities", "Entities\Entities.csproj", "{D9328616-C5E6-49AB-90FE-EE38C5BCD9B9}"
EndProject
Project("{FAE04EC0-301F-11D3-BF4B-00C04F79EFBC}") = "DataAccess", "DataAccess\DataAccess.csproj", "{4B364E94-E705-4E6A-93B0-331DEB026B80}"
EndProject
Project("{FAE04EC0-301F-11D3-BF4B-00C04F79EFBC}") = "Business", "Business\Business.csproj", "{0B8BCBF9-6303-4772-A39E-3F8088B641EA}"
EndProject
Project("{FAE04EC0-301F-11D3-BF4B-00C04F79EFBC}") = "Core", "Core\Core.csproj", "{80116ED4-7BB8-4B8D-A89D-25B7DED86110}"
EndProject
Project("{FAE04EC0-301F-11D3-BF4B-00C04F79EFBC}") = "Web", "Web\Web.csproj", "{C9325B76-4518-479A-B5AD-5CE1BBB57FCD}"
EndProject
Global
	GlobalSection(SolutionConfigurationPlatforms) = preSolution
		Debug|Any CPU = Debug|Any CPU
		Release|Any CPU = Release|Any CPU
	EndGlobalSection
	GlobalSection(ProjectConfigurationPlatforms) = postSolution
		{D9328616-C5E6-49AB-90FE-EE38C5BCD9B9}.Debug|Any CPU.ActiveCfg = Debug|Any CPU
		{D9328616-C5E6-49AB-90FE-EE38C5BCD9B9}.Debug|Any CPU.Build.0 = Debug|Any CPU
		{D9328616-C5E6-49AB-90FE-EE38C5BCD9B9}.Release|Any CPU.ActiveCfg = Release|Any CPU
		{D9328616-C5E6-49AB-90FE-EE38C5BCD9B9}.Release|Any CPU.Build.0 = Release|Any CPU
		{4B364E94-E705-4E6A-93B0-331DEB026B80}.Debug|Any CPU.ActiveCfg = Debug|Any CPU
		{4B364E94-E705-4E6A-93B0-331DEB026B80}.Debug|Any CPU.Build.0 = Debug|Any CPU
		{4B364E94-E705-4E6A-93B0-331DEB026B80}.Release|Any CPU.ActiveCfg = Release|Any CPU
		{4B364E94-E705-4E6A-93B0-331DEB026B80}.Release|Any CPU.Build.0 = Release|Any CPU
		{0B8BCBF9-6303-4772-A39E-3F8088B641EA}.Debug|Any CPU.ActiveCfg = Debug|Any CPU
		{0B8BCBF9-6303-4772-A39E-3F8088B641EA}.Debug|Any CPU.Build.0 = Debug|Any CPU
		{0B8BCBF9-6303-4772-A39E-3F8088B641EA}.Release|Any CPU.ActiveCfg = Release|Any CPU
		{0B8BCBF9-6303-4772-A39E-3F8088B641EA}.Release|Any CPU.Build.0 = Release|Any CPU
		{80116ED4-7BB8-4B8D-A89D-25B7DED86110}.Debug|Any CPU.ActiveCfg = Debug|Any CPU
		{80116ED4-7BB8-4B8D-A89D-25B7DED86110}.Debug|Any CPU.Build.0 = Debug|Any CPU
		{80116ED4-7BB8-4B8D-A89D-25B7DED86110}.Release|Any CPU.ActiveCfg = Release|Any CPU
		{80116ED4-7BB8-4B8D-A89D-25B7DED86110}.Release|Any CPU.Build.0 = Release|Any CPU
		{C9325B76-4518-479A-B5AD-5CE1BBB57FCD}.Debug|Any CPU.ActiveCfg = Debug|Any CPU
		{C9325B76-4518-479A-B5AD-5CE1BBB57FCD}.Debug|Any CPU.Build.0 = Debug|Any CPU
		{C9325B76-4518-479A-B5AD-5CE1BBB57FCD}.Release|Any CPU.ActiveCfg = Release|Any CPU
		{C9325B76-4518-479A-B5AD-5CE1BBB57FCD}.Release|Any CPU.Build.0 = Release|Any CPU
	EndGlobalSection
	GlobalSection(SolutionProperties) = preSolution
		HideSolutionNode = FALSE
	EndGlobalSection
	GlobalSection(ExtensibilityGlobals) = postSolution
		SolutionGuid = {17C83D4E-314F-4B7B-92F6-D92158856889}
	EndGlobalSection
EndGlobal
